// !$*UTF8*$!
{
	archiveVersion = 1;
	classes = {
	};
	objectVersion = 46;
	objects = {

/* Begin PBXBuildFile section */
		283AC8D11B0EC01500DE6E6A /* ServerGame.cpp in Sources */ = {isa = PBXBuildFile; fileRef = 283AC8CF1B0EC01500DE6E6A /* ServerGame.cpp */; };
		283AC8D51B0EC21F00DE6E6A /* ClientGame.cpp in Sources */ = {isa = PBXBuildFile; fileRef = 283AC8D31B0EC21F00DE6E6A /* ClientGame.cpp */; };
		287C8BC31B0D2C3600D723A7 /* cmunrm.ttf in Resources */ = {isa = PBXBuildFile; fileRef = 287C8BC21B0D2C3600D723A7 /* cmunrm.ttf */; };
		28A01FC31B0AC1080030425F /* App.cpp in Sources */ = {isa = PBXBuildFile; fileRef = 28A01FC11B0AC1080030425F /* App.cpp */; };
		28A01FC91B0AC6990030425F /* TcpHandler.cpp in Sources */ = {isa = PBXBuildFile; fileRef = 28A01FC71B0AC6990030425F /* TcpHandler.cpp */; };
		28A02A1B1B0BB22100612E95 /* AppBaseClass.cpp in Sources */ = {isa = PBXBuildFile; fileRef = 28A02A191B0BB22100612E95 /* AppBaseClass.cpp */; };
		28A02A1F1B0BD3E100612E95 /* ServerBaseClass.cpp in Sources */ = {isa = PBXBuildFile; fileRef = 28A02A1D1B0BD3E100612E95 /* ServerBaseClass.cpp */; };
		28A02A221B0BD96D00612E95 /* Server.cpp in Sources */ = {isa = PBXBuildFile; fileRef = 28A02A201B0BD96D00612E95 /* Server.cpp */; };
		28A10CFC1B099F04005B48BA /* Menu Plan.png in Resources */ = {isa = PBXBuildFile; fileRef = 28A10CFA1B099F04005B48BA /* Menu Plan.png */; };
		28A10CFD1B099F04005B48BA /* Menu.delineato in Resources */ = {isa = PBXBuildFile; fileRef = 28A10CFB1B099F04005B48BA /* Menu.delineato */; };
		28BE435C1B067D09001D5E57 /* ResourcePath.mm in Sources */ = {isa = PBXBuildFile; fileRef = 28BE435B1B067D09001D5E57 /* ResourcePath.mm */; };
		28BE435F1B067D09001D5E57 /* main.cpp in Sources */ = {isa = PBXBuildFile; fileRef = 28BE435E1B067D09001D5E57 /* main.cpp */; };
		28BE43621B067D09001D5E57 /* cute_image.jpg in Resources */ = {isa = PBXBuildFile; fileRef = 28BE43611B067D09001D5E57 /* cute_image.jpg */; };
		28BE43641B067D09001D5E57 /* nice_music.ogg in Resources */ = {isa = PBXBuildFile; fileRef = 28BE43631B067D09001D5E57 /* nice_music.ogg */; };
		28BE43661B067D09001D5E57 /* sansation.ttf in Resources */ = {isa = PBXBuildFile; fileRef = 28BE43651B067D09001D5E57 /* sansation.ttf */; };
		28BE43681B067D09001D5E57 /* icon.png in Resources */ = {isa = PBXBuildFile; fileRef = 28BE43671B067D09001D5E57 /* icon.png */; };
		28BE437D1B067D3D001D5E57 /* TextBox.cpp in Sources */ = {isa = PBXBuildFile; fileRef = 28BE436F1B067D3D001D5E57 /* TextBox.cpp */; };
		28BE437F1B067D3D001D5E57 /* Overview.png in Resources */ = {isa = PBXBuildFile; fileRef = 28BE43721B067D3D001D5E57 /* Overview.png */; };
		28BE43801B067D3D001D5E57 /* Overview.delineato in Resources */ = {isa = PBXBuildFile; fileRef = 28BE43731B067D3D001D5E57 /* Overview.delineato */; };
		28BE43811B067D3D001D5E57 /* MenuButton.cpp in Sources */ = {isa = PBXBuildFile; fileRef = 28BE43751B067D3D001D5E57 /* MenuButton.cpp */; };
		28BE43821B067D3D001D5E57 /* MainMenu.cpp in Sources */ = {isa = PBXBuildFile; fileRef = 28BE43771B067D3D001D5E57 /* MainMenu.cpp */; };
		28BE43851B067D3D001D5E57 /* button.png in Resources */ = {isa = PBXBuildFile; fileRef = 28BE437C1B067D3D001D5E57 /* button.png */; };
		28BE43881B067D71001D5E57 /* MenuPage.cpp in Sources */ = {isa = PBXBuildFile; fileRef = 28BE43861B067D71001D5E57 /* MenuPage.cpp */; };
		28C0C4C21B0ED1E8006ADBA5 /* MyMap.txt in Resources */ = {isa = PBXBuildFile; fileRef = 28C0C4C11B0ED1E8006ADBA5 /* MyMap.txt */; };
		28F2AD3E1B0B71F600459DEE /* Client.cpp in Sources */ = {isa = PBXBuildFile; fileRef = 28F2AD3C1B0B71F600459DEE /* Client.cpp */; };
/* End PBXBuildFile section */

/* Begin PBXFileReference section */
		283AC8CF1B0EC01500DE6E6A /* ServerGame.cpp */ = {isa = PBXFileReference; fileEncoding = 4; lastKnownFileType = sourcecode.cpp.cpp; path = ServerGame.cpp; sourceTree = "<group>"; };
		283AC8D01B0EC01500DE6E6A /* ServerGame.h */ = {isa = PBXFileReference; fileEncoding = 4; lastKnownFileType = sourcecode.c.h; path = ServerGame.h; sourceTree = "<group>"; };
		283AC8D31B0EC21F00DE6E6A /* ClientGame.cpp */ = {isa = PBXFileReference; fileEncoding = 4; lastKnownFileType = sourcecode.cpp.cpp; path = ClientGame.cpp; sourceTree = "<group>"; };
		283AC8D41B0EC21F00DE6E6A /* ClientGame.h */ = {isa = PBXFileReference; fileEncoding = 4; lastKnownFileType = sourcecode.c.h; path = ClientGame.h; sourceTree = "<group>"; };
		287C8BC21B0D2C3600D723A7 /* cmunrm.ttf */ = {isa = PBXFileReference; lastKnownFileType = file; path = cmunrm.ttf; sourceTree = "<group>"; };
		287D2E931B0E767C004F3304 /* ClientOfServer.h */ = {isa = PBXFileReference; fileEncoding = 4; lastKnownFileType = sourcecode.c.h; path = ClientOfServer.h; sourceTree = "<group>"; };
		28A01FC11B0AC1080030425F /* App.cpp */ = {isa = PBXFileReference; fileEncoding = 4; lastKnownFileType = sourcecode.cpp.cpp; path = App.cpp; sourceTree = "<group>"; };
		28A01FC21B0AC1080030425F /* App.h */ = {isa = PBXFileReference; fileEncoding = 4; lastKnownFileType = sourcecode.c.h; path = App.h; sourceTree = "<group>"; };
		28A01FC71B0AC6990030425F /* TcpHandler.cpp */ = {isa = PBXFileReference; fileEncoding = 4; lastKnownFileType = sourcecode.cpp.cpp; path = TcpHandler.cpp; sourceTree = "<group>"; };
		28A01FC81B0AC6990030425F /* TcpHandler.h */ = {isa = PBXFileReference; fileEncoding = 4; lastKnownFileType = sourcecode.c.h; path = TcpHandler.h; sourceTree = "<group>"; };
		28A01FCB1B0AC6D90030425F /* TcpHandlerCommunicator.h */ = {isa = PBXFileReference; fileEncoding = 4; lastKnownFileType = sourcecode.c.h; path = TcpHandlerCommunicator.h; sourceTree = "<group>"; };
		28A02A191B0BB22100612E95 /* AppBaseClass.cpp */ = {isa = PBXFileReference; fileEncoding = 4; lastKnownFileType = sourcecode.cpp.cpp; path = AppBaseClass.cpp; sourceTree = "<group>"; };
		28A02A1A1B0BB22100612E95 /* AppBaseClass.h */ = {isa = PBXFileReference; fileEncoding = 4; lastKnownFileType = sourcecode.c.h; path = AppBaseClass.h; sourceTree = "<group>"; };
		28A02A1D1B0BD3E100612E95 /* ServerBaseClass.cpp */ = {isa = PBXFileReference; fileEncoding = 4; lastKnownFileType = sourcecode.cpp.cpp; path = ServerBaseClass.cpp; sourceTree = "<group>"; };
		28A02A1E1B0BD3E100612E95 /* ServerBaseClass.h */ = {isa = PBXFileReference; fileEncoding = 4; lastKnownFileType = sourcecode.c.h; path = ServerBaseClass.h; sourceTree = "<group>"; };
		28A02A201B0BD96D00612E95 /* Server.cpp */ = {isa = PBXFileReference; fileEncoding = 4; lastKnownFileType = sourcecode.cpp.cpp; path = Server.cpp; sourceTree = "<group>"; };
		28A02A211B0BD96D00612E95 /* Server.h */ = {isa = PBXFileReference; fileEncoding = 4; lastKnownFileType = sourcecode.c.h; path = Server.h; sourceTree = "<group>"; };
		28A10CFA1B099F04005B48BA /* Menu Plan.png */ = {isa = PBXFileReference; lastKnownFileType = image.png; path = "Menu Plan.png"; sourceTree = "<group>"; };
		28A10CFB1B099F04005B48BA /* Menu.delineato */ = {isa = PBXFileReference; lastKnownFileType = file.bplist; path = Menu.delineato; sourceTree = "<group>"; };
		28BE43561B067D09001D5E57 /* GameTemplate.app */ = {isa = PBXFileReference; explicitFileType = wrapper.application; includeInIndex = 0; path = GameTemplate.app; sourceTree = BUILT_PRODUCTS_DIR; };
		28BE435A1B067D09001D5E57 /* GameTemplate-Info.plist */ = {isa = PBXFileReference; lastKnownFileType = text.plist.xml; path = "GameTemplate-Info.plist"; sourceTree = "<group>"; };
		28BE435B1B067D09001D5E57 /* ResourcePath.mm */ = {isa = PBXFileReference; lastKnownFileType = sourcecode.cpp.objcpp; path = ResourcePath.mm; sourceTree = "<group>"; };
		28BE435D1B067D09001D5E57 /* ResourcePath.hpp */ = {isa = PBXFileReference; lastKnownFileType = sourcecode.cpp.h; path = ResourcePath.hpp; sourceTree = "<group>"; };
		28BE435E1B067D09001D5E57 /* main.cpp */ = {isa = PBXFileReference; lastKnownFileType = sourcecode.cpp.cpp; path = main.cpp; sourceTree = "<group>"; };
		28BE43611B067D09001D5E57 /* cute_image.jpg */ = {isa = PBXFileReference; lastKnownFileType = image.jpeg; path = cute_image.jpg; sourceTree = "<group>"; };
		28BE43631B067D09001D5E57 /* nice_music.ogg */ = {isa = PBXFileReference; lastKnownFileType = file; path = nice_music.ogg; sourceTree = "<group>"; };
		28BE43651B067D09001D5E57 /* sansation.ttf */ = {isa = PBXFileReference; lastKnownFileType = file; path = sansation.ttf; sourceTree = "<group>"; };
		28BE43671B067D09001D5E57 /* icon.png */ = {isa = PBXFileReference; lastKnownFileType = image.png; path = icon.png; sourceTree = "<group>"; };
		28BE436E1B067D3D001D5E57 /* TextBox.h */ = {isa = PBXFileReference; fileEncoding = 4; lastKnownFileType = sourcecode.c.h; path = TextBox.h; sourceTree = "<group>"; };
		28BE436F1B067D3D001D5E57 /* TextBox.cpp */ = {isa = PBXFileReference; fileEncoding = 4; lastKnownFileType = sourcecode.cpp.cpp; path = TextBox.cpp; sourceTree = "<group>"; };
		28BE43721B067D3D001D5E57 /* Overview.png */ = {isa = PBXFileReference; lastKnownFileType = image.png; path = Overview.png; sourceTree = "<group>"; };
		28BE43731B067D3D001D5E57 /* Overview.delineato */ = {isa = PBXFileReference; lastKnownFileType = file.bplist; path = Overview.delineato; sourceTree = "<group>"; };
		28BE43741B067D3D001D5E57 /* MenuButton.h */ = {isa = PBXFileReference; fileEncoding = 4; lastKnownFileType = sourcecode.c.h; path = MenuButton.h; sourceTree = "<group>"; };
		28BE43751B067D3D001D5E57 /* MenuButton.cpp */ = {isa = PBXFileReference; fileEncoding = 4; lastKnownFileType = sourcecode.cpp.cpp; path = MenuButton.cpp; sourceTree = "<group>"; };
		28BE43761B067D3D001D5E57 /* MainMenu.h */ = {isa = PBXFileReference; fileEncoding = 4; lastKnownFileType = sourcecode.c.h; path = MainMenu.h; sourceTree = "<group>"; };
		28BE43771B067D3D001D5E57 /* MainMenu.cpp */ = {isa = PBXFileReference; fileEncoding = 4; lastKnownFileType = sourcecode.cpp.cpp; path = MainMenu.cpp; sourceTree = "<group>"; };
		28BE437C1B067D3D001D5E57 /* button.png */ = {isa = PBXFileReference; lastKnownFileType = image.png; path = button.png; sourceTree = "<group>"; };
		28BE43861B067D71001D5E57 /* MenuPage.cpp */ = {isa = PBXFileReference; fileEncoding = 4; lastKnownFileType = sourcecode.cpp.cpp; path = MenuPage.cpp; sourceTree = "<group>"; };
		28BE43871B067D71001D5E57 /* MenuPage.h */ = {isa = PBXFileReference; fileEncoding = 4; lastKnownFileType = sourcecode.c.h; path = MenuPage.h; sourceTree = "<group>"; };
		28C0C4B91B0ECED0006ADBA5 /* StaticGameState.h */ = {isa = PBXFileReference; fileEncoding = 4; lastKnownFileType = sourcecode.c.h; path = StaticGameState.h; sourceTree = "<group>"; };
		28C0C4BC1B0ECF60006ADBA5 /* DynamicGameState.h */ = {isa = PBXFileReference; fileEncoding = 4; lastKnownFileType = sourcecode.c.h; path = DynamicGameState.h; sourceTree = "<group>"; };
		28C0C4C11B0ED1E8006ADBA5 /* MyMap.txt */ = {isa = PBXFileReference; fileEncoding = 4; lastKnownFileType = text; path = MyMap.txt; sourceTree = "<group>"; };
		28F2AD3C1B0B71F600459DEE /* Client.cpp */ = {isa = PBXFileReference; fileEncoding = 4; lastKnownFileType = sourcecode.cpp.cpp; path = Client.cpp; sourceTree = "<group>"; };
		28F2AD3D1B0B71F600459DEE /* Client.h */ = {isa = PBXFileReference; fileEncoding = 4; lastKnownFileType = sourcecode.c.h; path = Client.h; sourceTree = "<group>"; };
		28F2AD401B0B724900459DEE /* ClientCommunicator.h */ = {isa = PBXFileReference; fileEncoding = 4; lastKnownFileType = sourcecode.c.h; path = ClientCommunicator.h; sourceTree = "<group>"; };
		28F2AD431B0B8F1900459DEE /* ClientServerCommunicator.h */ = {isa = PBXFileReference; fileEncoding = 4; lastKnownFileType = sourcecode.c.h; path = ClientServerCommunicator.h; sourceTree = "<group>"; };
/* End PBXFileReference section */

/* Begin PBXFrameworksBuildPhase section */
		28BE43521B067D09001D5E57 /* Frameworks */ = {
			isa = PBXFrameworksBuildPhase;
			buildActionMask = 2147483647;
			files = (
			);
			runOnlyForDeploymentPostprocessing = 0;
		};
/* End PBXFrameworksBuildPhase section */

/* Begin PBXGroup section */
		283AC8D21B0EC02800DE6E6A /* Game */ = {
			isa = PBXGroup;
			children = (
				283AC8D31B0EC21F00DE6E6A /* ClientGame.cpp */,
				283AC8D41B0EC21F00DE6E6A /* ClientGame.h */,
				283AC8CF1B0EC01500DE6E6A /* ServerGame.cpp */,
				283AC8D01B0EC01500DE6E6A /* ServerGame.h */,
				28C0C4B91B0ECED0006ADBA5 /* StaticGameState.h */,
				28C0C4BC1B0ECF60006ADBA5 /* DynamicGameState.h */,
			);
			name = Game;
			sourceTree = "<group>";
		};
		28A02A1C1B0BBA4B00612E95 /* Ignore Me */ = {
			isa = PBXGroup;
			children = (
				28BE435B1B067D09001D5E57 /* ResourcePath.mm */,
				28BE435D1B067D09001D5E57 /* ResourcePath.hpp */,
				28BE435E1B067D09001D5E57 /* main.cpp */,
				28F2AD3C1B0B71F600459DEE /* Client.cpp */,
				28F2AD3D1B0B71F600459DEE /* Client.h */,
				28A02A1D1B0BD3E100612E95 /* ServerBaseClass.cpp */,
				28A02A1E1B0BD3E100612E95 /* ServerBaseClass.h */,
				28A01FCB1B0AC6D90030425F /* TcpHandlerCommunicator.h */,
				28F2AD431B0B8F1900459DEE /* ClientServerCommunicator.h */,
				28F2AD401B0B724900459DEE /* ClientCommunicator.h */,
				28A02A191B0BB22100612E95 /* AppBaseClass.cpp */,
				28A02A1A1B0BB22100612E95 /* AppBaseClass.h */,
				28A01FC71B0AC6990030425F /* TcpHandler.cpp */,
				28A01FC81B0AC6990030425F /* TcpHandler.h */,
			);
			name = "Ignore Me";
			sourceTree = "<group>";
		};
		28BE434C1B067D09001D5E57 = {
			isa = PBXGroup;
			children = (
				28BE43581B067D09001D5E57 /* GameTemplate */,
				28BE43571B067D09001D5E57 /* Products */,
			);
			sourceTree = "<group>";
		};
		28BE43571B067D09001D5E57 /* Products */ = {
			isa = PBXGroup;
			children = (
				28BE43561B067D09001D5E57 /* GameTemplate.app */,
			);
			name = Products;
			sourceTree = "<group>";
		};
		28BE43581B067D09001D5E57 /* GameTemplate */ = {
			isa = PBXGroup;
			children = (
				283AC8D21B0EC02800DE6E6A /* Game */,
				28BE43601B067D09001D5E57 /* Resources */,
				28F18F421B06BF36005A5B43 /* Menu */,
				28C0C4B41B0ECDAB006ADBA5 /* App & Server Root Files */,
				28A02A1C1B0BBA4B00612E95 /* Ignore Me */,
				28BE43591B067D09001D5E57 /* Supporting Files */,
			);
			path = GameTemplate;
			sourceTree = "<group>";
		};
		28BE43591B067D09001D5E57 /* Supporting Files */ = {
			isa = PBXGroup;
			children = (
				28BE435A1B067D09001D5E57 /* GameTemplate-Info.plist */,
			);
			name = "Supporting Files";
			sourceTree = "<group>";
		};
		28BE43601B067D09001D5E57 /* Resources */ = {
			isa = PBXGroup;
			children = (
				287C8BC21B0D2C3600D723A7 /* cmunrm.ttf */,
				28A10CFA1B099F04005B48BA /* Menu Plan.png */,
				28A10CFB1B099F04005B48BA /* Menu.delineato */,
				28BE43611B067D09001D5E57 /* cute_image.jpg */,
				28BE437C1B067D3D001D5E57 /* button.png */,
				28BE43721B067D3D001D5E57 /* Overview.png */,
				28BE43731B067D3D001D5E57 /* Overview.delineato */,
				28BE43631B067D09001D5E57 /* nice_music.ogg */,
				28BE43651B067D09001D5E57 /* sansation.ttf */,
				28BE43671B067D09001D5E57 /* icon.png */,
				28C0C4C11B0ED1E8006ADBA5 /* MyMap.txt */,
			);
			name = Resources;
			sourceTree = "<group>";
		};
		28C0C4B41B0ECDAB006ADBA5 /* App & Server Root Files */ = {
			isa = PBXGroup;
			children = (
				28A02A201B0BD96D00612E95 /* Server.cpp */,
				28A02A211B0BD96D00612E95 /* Server.h */,
				287D2E931B0E767C004F3304 /* ClientOfServer.h */,
				28A01FC11B0AC1080030425F /* App.cpp */,
				28A01FC21B0AC1080030425F /* App.h */,
			);
			name = "App & Server Root Files";
			sourceTree = "<group>";
		};
		28F18F421B06BF36005A5B43 /* Menu */ = {
			isa = PBXGroup;
			children = (
				28BE436E1B067D3D001D5E57 /* TextBox.h */,
				28BE436F1B067D3D001D5E57 /* TextBox.cpp */,
				28BE43861B067D71001D5E57 /* MenuPage.cpp */,
				28BE43871B067D71001D5E57 /* MenuPage.h */,
				28BE43741B067D3D001D5E57 /* MenuButton.h */,
				28BE43751B067D3D001D5E57 /* MenuButton.cpp */,
				28BE43761B067D3D001D5E57 /* MainMenu.h */,
				28BE43771B067D3D001D5E57 /* MainMenu.cpp */,
			);
			name = Menu;
			sourceTree = "<group>";
		};
/* End PBXGroup section */

/* Begin PBXNativeTarget section */
		28BE43551B067D09001D5E57 /* GameTemplate */ = {
			isa = PBXNativeTarget;
			buildConfigurationList = 28BE436B1B067D09001D5E57 /* Build configuration list for PBXNativeTarget "GameTemplate" */;
			buildPhases = (
				28BE43511B067D09001D5E57 /* Sources */,
				28BE43521B067D09001D5E57 /* Frameworks */,
				28BE43531B067D09001D5E57 /* Resources */,
				28BE43541B067D09001D5E57 /* ShellScript */,
			);
			buildRules = (
			);
			dependencies = (
			);
			name = GameTemplate;
			productName = GameTemplate;
			productReference = 28BE43561B067D09001D5E57 /* GameTemplate.app */;
			productType = "com.apple.product-type.application";
		};
/* End PBXNativeTarget section */

/* Begin PBXProject section */
		28BE434D1B067D09001D5E57 /* Project object */ = {
			isa = PBXProject;
			attributes = {
				LastUpgradeCheck = 0630;
				ORGANIZATIONNAME = "Thomas Redding";
				TargetAttributes = {
					28BE43551B067D09001D5E57 = {
						CreatedOnToolsVersion = 6.3.1;
					};
				};
			};
			buildConfigurationList = 28BE43501B067D09001D5E57 /* Build configuration list for PBXProject "GameTemplate" */;
			compatibilityVersion = "Xcode 3.2";
			developmentRegion = English;
			hasScannedForEncodings = 0;
			knownRegions = (
				en,
			);
			mainGroup = 28BE434C1B067D09001D5E57;
			productRefGroup = 28BE43571B067D09001D5E57 /* Products */;
			projectDirPath = "";
			projectRoot = "";
			targets = (
				28BE43551B067D09001D5E57 /* GameTemplate */,
			);
		};
/* End PBXProject section */

/* Begin PBXResourcesBuildPhase section */
		28BE43531B067D09001D5E57 /* Resources */ = {
			isa = PBXResourcesBuildPhase;
			buildActionMask = 2147483647;
			files = (
				28A10CFC1B099F04005B48BA /* Menu Plan.png in Resources */,
				28BE43851B067D3D001D5E57 /* button.png in Resources */,
				287C8BC31B0D2C3600D723A7 /* cmunrm.ttf in Resources */,
				28C0C4C21B0ED1E8006ADBA5 /* MyMap.txt in Resources */,
				28BE43801B067D3D001D5E57 /* Overview.delineato in Resources */,
				28BE43681B067D09001D5E57 /* icon.png in Resources */,
				28BE43661B067D09001D5E57 /* sansation.ttf in Resources */,
				28BE43641B067D09001D5E57 /* nice_music.ogg in Resources */,
				28BE43621B067D09001D5E57 /* cute_image.jpg in Resources */,
				28BE437F1B067D3D001D5E57 /* Overview.png in Resources */,
				28A10CFD1B099F04005B48BA /* Menu.delineato in Resources */,
			);
			runOnlyForDeploymentPostprocessing = 0;
		};
/* End PBXResourcesBuildPhase section */

/* Begin PBXShellScriptBuildPhase section */
		28BE43541B067D09001D5E57 /* ShellScript */ = {
			isa = PBXShellScriptBuildPhase;
			buildActionMask = 2147483647;
			files = (
			);
			inputPaths = (
			);
			outputPaths = (
			);
			runOnlyForDeploymentPostprocessing = 0;
			shellPath = /bin/sh;
			shellScript = "# This shell script simply copies required SFML dylibs/frameworks into the application bundle frameworks folder.\n# If you're using static libraries (which is not recommended) you should remove this script from your project.\n\n# Are we building a project that uses frameworks or dylibs?\ncase \"$SFML_BINARY_TYPE\" in\n    DYLIBS)\n        frameworks=\"false\"\n        ;;\n    *)\n        frameworks=\"true\"\n        ;;\nesac\n\n# Echoes to stderr\nerror () # $* message to display\n{\n    echo $* 1>&2\n    exit 2\n}\n\nassert () # $1 is a boolean, $2...N is an error message\n{\n    if [ $# -lt 2 ]\n    then\n        error \"Internal error in assert : not enough args\"\n    fi\n\n    if [ $1 -ne 0 ]\n    then\n        shift\n        error \"$*\"\n    fi\n}\n\nforce_remove () # $@ is some paths\n{\n    test $# -ge 1\n    assert $? \"force_remove() requires at least one parameter\"\n    rm -fr $@\n    assert $? \"couldn't remove $@\"\n}\n\ncopy () # $1 is a source, $2 is a destination\n{\n    test $# -eq 2\n    assert $? \"copy() requires two parameters\"\n    ditto \"$1\" \"$2\"\n    assert $? \"couldn't copy $1 to $2\"\n}\n\nrequire () # $1 is a SFML module like 'system' or 'audio'\n{\n    dest=\"$BUILT_PRODUCTS_DIR/$PRODUCT_NAME.app/Contents/Frameworks\"\n\n    if [ -z \"$1\" ]\n    then\n        error \"require() requires one parameter!\"\n    else\n        # clean potentially old stuff\n        force_remove \"$dest/libsfml-$1\"*\n        force_remove \"$dest/sfml-$1.framework\"\n\n        # copy SFML libraries\n        if [ \"$frameworks\" = \"true\" ]\n        then\n            source=\"/Library/Frameworks/sfml-$1.framework\"\n            target=\"sfml-$1.framework\"\n        elif [ \"$SFML_LINK_DYLIBS_SUFFIX\" = \"-d\" ]\n        then\n            source=\"/usr/local/lib/libsfml-$1-d.dylib\"\n            target=\"`readlink $source`\"\n        else\n            source=\"/usr/local/lib/libsfml-$1.dylib\"\n            target=\"`readlink $source`\"\n        fi\n\n        copy \"$source\" \"$dest/$target\"\n\n        # copy extra dependencies\n        if [ \"$1\" = \"audio\" ]\n        then\n            # copy sndfile framework too\n            copy \"/Library/Frameworks/sndfile.framework\" \"$dest/sndfile.framework\"\n        elif [ \"$1\" = \"graphics\" ]\n        then\n            # copy freetype framework too\n            copy \"/Library/Frameworks/freetype.framework\" \"$dest/freetype.framework\"\n        fi\n    fi\n}\n\nif [ -n \"$SFML_SYSTEM\" ]\nthen\n    require \"system\"\nfi\n\nif [ -n \"$SFML_AUDIO\" ]\nthen\n    require \"audio\"\nfi\n\nif [ -n \"$SFML_NETWORK\" ]\nthen\n    require \"network\"\nfi\n\nif [ -n \"$SFML_WINDOW\" ]\nthen\n    require \"window\"\nfi\n\nif [ -n \"$SFML_GRAPHICS\" ]\nthen\n    require \"graphics\"\nfi\n\n                ";
		};
/* End PBXShellScriptBuildPhase section */

/* Begin PBXSourcesBuildPhase section */
		28BE43511B067D09001D5E57 /* Sources */ = {
			isa = PBXSourcesBuildPhase;
			buildActionMask = 2147483647;
			files = (
				283AC8D51B0EC21F00DE6E6A /* ClientGame.cpp in Sources */,
				28A01FC91B0AC6990030425F /* TcpHandler.cpp in Sources */,
				283AC8D11B0EC01500DE6E6A /* ServerGame.cpp in Sources */,
				28A02A1B1B0BB22100612E95 /* AppBaseClass.cpp in Sources */,
				28F2AD3E1B0B71F600459DEE /* Client.cpp in Sources */,
				28BE435F1B067D09001D5E57 /* main.cpp in Sources */,
				28BE43821B067D3D001D5E57 /* MainMenu.cpp in Sources */,
				28BE43881B067D71001D5E57 /* MenuPage.cpp in Sources */,
				28A02A1F1B0BD3E100612E95 /* ServerBaseClass.cpp in Sources */,
				28A01FC31B0AC1080030425F /* App.cpp in Sources */,
				28BE43811B067D3D001D5E57 /* MenuButton.cpp in Sources */,
				28BE437D1B067D3D001D5E57 /* TextBox.cpp in Sources */,
				28A02A221B0BD96D00612E95 /* Server.cpp in Sources */,
				28BE435C1B067D09001D5E57 /* ResourcePath.mm in Sources */,
			);
			runOnlyForDeploymentPostprocessing = 0;
		};
/* End PBXSourcesBuildPhase section */

/* Begin XCBuildConfiguration section */
		28BE43691B067D09001D5E57 /* Debug */ = {
			isa = XCBuildConfiguration;
			buildSettings = {
				ARCHS = (
					i386,
					x86_64,
				);
				CLANG_CXX_LANGUAGE_STANDARD = "c++0x";
				CLANG_CXX_LIBRARY = "libc++";
				FRAMEWORK_SEARCH_PATHS = (
					/Library/Frameworks/,
					"$(inherited)",
				);
				GCC_VERSION = com.apple.compilers.llvm.clang.1_0;
				HEADER_SEARCH_PATHS = (
					/usr/local/include/,
					"$(inherited)",
				);
				LIBRARY_SEARCH_PATHS = (
					/usr/local/lib/,
					"$(inherited)",
				);
				MACOSX_DEPLOYMENT_TARGET = 10.7;
				OTHER_LDFLAGS = (
					"$(inherited)",
					"$(SFML_SYSTEM)",
					"$(SFML_WINDOW)",
					"$(SFML_GRAPHICS)",
					"$(SFML_AUDIO)",
					"$(SFML_NETWORK)",
				);
				SFML_AUDIO = "$(SFML_LINK_PREFIX) sfml-audio$(SFML_LINK_SUFFIX)";
				SFML_BINARY_TYPE = FRAMEWORKS;
				SFML_GRAPHICS = "$(SFML_LINK_PREFIX) sfml-graphics$(SFML_LINK_SUFFIX)";
				SFML_LINK_DYLIBS_PREFIX = "-l";
				SFML_LINK_DYLIBS_SUFFIX = "";
				SFML_LINK_FRAMEWORKS_PREFIX = "-framework";
				SFML_LINK_FRAMEWORKS_SUFFIX = "";
				SFML_LINK_PREFIX = "$(SFML_LINK_$(SFML_BINARY_TYPE)_PREFIX)";
				SFML_LINK_SUFFIX = "$(SFML_LINK_$(SFML_BINARY_TYPE)_SUFFIX)";
				SFML_NETWORK = "$(SFML_LINK_PREFIX) sfml-network$(SFML_LINK_SUFFIX)";
				SFML_SYSTEM = "$(SFML_LINK_PREFIX) sfml-system$(SFML_LINK_SUFFIX)";
				SFML_WINDOW = "$(SFML_LINK_PREFIX) sfml-window$(SFML_LINK_SUFFIX)";
				SUPPORTED_PLATFORMS = macosx;
			};
			name = Debug;
		};
		28BE436A1B067D09001D5E57 /* Release */ = {
			isa = XCBuildConfiguration;
			buildSettings = {
				ARCHS = (
					i386,
					x86_64,
				);
				CLANG_CXX_LANGUAGE_STANDARD = "c++0x";
				CLANG_CXX_LIBRARY = "libc++";
				FRAMEWORK_SEARCH_PATHS = (
					/Library/Frameworks/,
					"$(inherited)",
				);
				GCC_VERSION = com.apple.compilers.llvm.clang.1_0;
				HEADER_SEARCH_PATHS = (
					/usr/local/include/,
					"$(inherited)",
				);
				LIBRARY_SEARCH_PATHS = (
					/usr/local/lib/,
					"$(inherited)",
				);
				MACOSX_DEPLOYMENT_TARGET = 10.7;
				OTHER_LDFLAGS = (
					"$(inherited)",
					"$(SFML_SYSTEM)",
					"$(SFML_WINDOW)",
					"$(SFML_GRAPHICS)",
					"$(SFML_AUDIO)",
					"$(SFML_NETWORK)",
				);
				SFML_AUDIO = "$(SFML_LINK_PREFIX) sfml-audio$(SFML_LINK_SUFFIX)";
				SFML_BINARY_TYPE = FRAMEWORKS;
				SFML_GRAPHICS = "$(SFML_LINK_PREFIX) sfml-graphics$(SFML_LINK_SUFFIX)";
				SFML_LINK_DYLIBS_PREFIX = "-l";
				SFML_LINK_DYLIBS_SUFFIX = "";
				SFML_LINK_FRAMEWORKS_PREFIX = "-framework";
				SFML_LINK_FRAMEWORKS_SUFFIX = "";
				SFML_LINK_PREFIX = "$(SFML_LINK_$(SFML_BINARY_TYPE)_PREFIX)";
				SFML_LINK_SUFFIX = "$(SFML_LINK_$(SFML_BINARY_TYPE)_SUFFIX)";
				SFML_NETWORK = "$(SFML_LINK_PREFIX) sfml-network$(SFML_LINK_SUFFIX)";
				SFML_SYSTEM = "$(SFML_LINK_PREFIX) sfml-system$(SFML_LINK_SUFFIX)";
				SFML_WINDOW = "$(SFML_LINK_PREFIX) sfml-window$(SFML_LINK_SUFFIX)";
				SUPPORTED_PLATFORMS = macosx;
			};
			name = Release;
		};
		28BE436C1B067D09001D5E57 /* Debug */ = {
			isa = XCBuildConfiguration;
			buildSettings = {
				INFOPLIST_FILE = "GameTemplate/GameTemplate-Info.plist";
				LD_RUNPATH_SEARCH_PATHS = "@loader_path/../Frameworks";
				PRODUCT_NAME = "$(TARGET_NAME)";
			};
			name = Debug;
		};
		28BE436D1B067D09001D5E57 /* Release */ = {
			isa = XCBuildConfiguration;
			buildSettings = {
				INFOPLIST_FILE = "GameTemplate/GameTemplate-Info.plist";
				LD_RUNPATH_SEARCH_PATHS = "@loader_path/../Frameworks";
				PRODUCT_NAME = "$(TARGET_NAME)";
			};
			name = Release;
		};
/* End XCBuildConfiguration section */

/* Begin XCConfigurationList section */
		28BE43501B067D09001D5E57 /* Build configuration list for PBXProject "GameTemplate" */ = {
			isa = XCConfigurationList;
			buildConfigurations = (
				28BE43691B067D09001D5E57 /* Debug */,
				28BE436A1B067D09001D5E57 /* Release */,
			);
			defaultConfigurationIsVisible = 0;
			defaultConfigurationName = Release;
		};
		28BE436B1B067D09001D5E57 /* Build configuration list for PBXNativeTarget "GameTemplate" */ = {
			isa = XCConfigurationList;
			buildConfigurations = (
				28BE436C1B067D09001D5E57 /* Debug */,
				28BE436D1B067D09001D5E57 /* Release */,
			);
			defaultConfigurationIsVisible = 0;
			defaultConfigurationName = Release;
		};
/* End XCConfigurationList section */
	};
	rootObject = 28BE434D1B067D09001D5E57 /* Project object */;
}
